{
    "_readme": [
        "This file locks the dependencies of your project to a known state",
        "Read more about it at https://getcomposer.org/doc/01-basic-usage.md#installing-dependencies",
        "This file is @generated automatically"
    ],
    "content-hash": "ba1740f912ead90bf335789d37cc0468",
    "packages": [
        {
            "name": "fpdo/fluentpdo",
            "version": "dev-master",
            "source": {
                "type": "git",
                "url": "https://github.com/envms/fluentpdo.git",
                "reference": "ed842a6731b95477976b0271573e885994fb6702"
            },
            "dist": {
                "type": "zip",
                "url": "https://api.github.com/repos/envms/fluentpdo/zipball/ed842a6731b95477976b0271573e885994fb6702",
                "reference": "ed842a6731b95477976b0271573e885994fb6702",
                "shasum": ""
            },
            "require-dev": {
                "envms/fluent-test": "^1.0",
                "phpunit/phpunit": "^7.0"
            },
            "type": "library",
            "autoload": {
                "psr-4": {
                    "Envms\\FluentPDO\\": "src/"
                }
            },
            "notification-url": "https://packagist.org/downloads/",
            "license": [
                "Apache-2.0",
                "GPL-2.0+"
            ],
            "authors": [
                {
                    "name": "envms",
                    "homepage": "http://env.ms"
                }
            ],
            "description": "FluentPDO is a quick and light PHP library for rapid query building. It features a smart join builder, which automatically creates table joins.",
            "homepage": "https://github.com/envms/fluentpdo",
            "keywords": [
                "builder",
                "database",
                "db",
                "dbal",
                "fluent",
                "mysql",
                "oracle",
                "pdo",
                "query"
            ],
            "time": "2019-04-27T20:21:50+00:00"
        },
        {
            "name": "league/commonmark",
            "version": "dev-master",
            "source": {
                "type": "git",
                "url": "https://github.com/thephpleague/commonmark.git",
                "reference": "6ed589d2e98621985ba8e4884335cf35e625dbb1"
            },
            "dist": {
                "type": "zip",
                "url": "https://api.github.com/repos/thephpleague/commonmark/zipball/6ed589d2e98621985ba8e4884335cf35e625dbb1",
                "reference": "6ed589d2e98621985ba8e4884335cf35e625dbb1",
                "shasum": ""
            },
            "require": {
                "ext-mbstring": "*",
                "php": "^7.1"
            },
            "replace": {
                "colinodell/commonmark-php": "*"
            },
            "require-dev": {
                "cebe/markdown": "~1.0",
                "commonmark/commonmark.js": "0.29.0",
                "erusev/parsedown": "~1.0",
                "michelf/php-markdown": "~1.4",
                "mikehaertl/php-shellcommand": "^1.4",
                "phpstan/phpstan-shim": "^0.11.5",
                "phpunit/phpunit": "^7.5",
                "scrutinizer/ocular": "^1.5",
                "symfony/finder": "^4.2"
            },
            "suggest": {
                "league/commonmark-extras": "Library of useful extensions including smart punctuation"
            },
            "bin": [
                "bin/commonmark"
            ],
            "type": "library",
            "extra": {
                "branch-alias": {
                    "dev-master": "1.1-dev"
                }
            },
            "autoload": {
                "psr-4": {
                    "League\\CommonMark\\": "src"
                }
            },
            "notification-url": "https://packagist.org/downloads/",
            "license": [
                "BSD-3-Clause"
            ],
            "authors": [
                {
                    "name": "Colin O'Dell",
                    "role": "Lead Developer",
                    "email": "colinodell@gmail.com",
                    "homepage": "https://www.colinodell.com"
                }
            ],
            "description": "PHP Markdown parser based on the CommonMark spec",
            "homepage": "https://commonmark.thephpleague.com",
            "keywords": [
                "commonmark",
                "markdown",
                "parser"
            ],
            "time": "2019-08-26T16:41:49+00:00"
        },
        {
            "name": "pear/console_getopt",
            "version": "v1.4.2",
            "source": {
                "type": "git",
                "url": "https://github.com/pear/Console_Getopt.git",
                "reference": "6c77aeb625b32bd752e89ee17972d103588b90c0"
            },
            "dist": {
                "type": "zip",
                "url": "https://api.github.com/repos/pear/Console_Getopt/zipball/6c77aeb625b32bd752e89ee17972d103588b90c0",
                "reference": "6c77aeb625b32bd752e89ee17972d103588b90c0",
                "shasum": ""
            },
            "type": "library",
            "autoload": {
                "psr-0": {
                    "Console": "./"
                }
            },
            "notification-url": "https://packagist.org/downloads/",
            "include-path": [
                "./"
            ],
            "license": [
                "BSD-2-Clause"
            ],
            "authors": [
                {
                    "name": "Greg Beaver",
                    "role": "Helper",
                    "email": "cellog@php.net"
                },
                {
                    "name": "Andrei Zmievski",
                    "role": "Lead",
                    "email": "andrei@php.net"
                },
                {
                    "name": "Stig Bakken",
                    "role": "Developer",
                    "email": "stig@php.net"
                }
            ],
            "description": "More info available on: http://pear.php.net/package/Console_Getopt",
            "time": "2019-02-06T16:52:33+00:00"
        },
        {
            "name": "pear/mail",
            "version": "v1.4.1",
            "source": {
                "type": "git",
                "url": "https://github.com/pear/Mail.git",
                "reference": "9609ed5e42ac5b221dfd9af85de005c59d418ee7"
            },
            "dist": {
                "type": "zip",
                "url": "https://api.github.com/repos/pear/Mail/zipball/9609ed5e42ac5b221dfd9af85de005c59d418ee7",
                "reference": "9609ed5e42ac5b221dfd9af85de005c59d418ee7",
                "shasum": ""
            },
            "require": {
                "pear/pear-core-minimal": "~1.9",
                "php": ">=5.2.1"
            },
            "require-dev": {
                "pear/pear": "*"
            },
            "suggest": {
                "pear/net_smtp": "Install optionally via your project's composer.json"
            },
            "type": "library",
            "autoload": {
                "psr-0": {
                    "Mail": "./"
                }
            },
            "notification-url": "https://packagist.org/downloads/",
            "include-path": [
                "./"
            ],
            "license": [
                "BSD-2-Clause"
            ],
            "authors": [
                {
                    "name": "Chuck Hagenbuch",
                    "role": "Lead",
                    "email": "chuck@horde.org"
                },
                {
                    "name": "Richard Heyes",
                    "role": "Developer",
                    "email": "richard@phpguru.org"
                },
                {
                    "name": "Aleksander Machniak",
                    "role": "Developer",
                    "email": "alec@alec.pl"
                }
            ],
            "description": "Class that provides multiple interfaces for sending emails.",
            "homepage": "http://pear.php.net/package/Mail",
            "time": "2017-04-11T17:27:29+00:00"
        },
        {
            "name": "pear/mail_mime",
            "version": "1.10.2",
            "source": {
                "type": "git",
                "url": "https://github.com/pear/Mail_Mime.git",
                "reference": "7b2f93fa5219da99e9997f497b916b5bb27eb57a"
            },
            "dist": {
                "type": "zip",
                "url": "https://api.github.com/repos/pear/Mail_Mime/zipball/7b2f93fa5219da99e9997f497b916b5bb27eb57a",
                "reference": "7b2f93fa5219da99e9997f497b916b5bb27eb57a",
                "shasum": ""
            },
            "require": {
                "pear/pear-core-minimal": "*"
            },
            "type": "library",
            "autoload": {
                "psr-0": {
                    "Mail": "./"
                }
            },
            "notification-url": "https://packagist.org/downloads/",
            "include-path": [
                "./"
            ],
            "license": [
                "BSD-3-clause"
            ],
            "authors": [
                {
                    "name": "Cipriano Groenendal",
                    "role": "Lead",
                    "email": "cipri@php.net"
                },
                {
                    "name": "Aleksander Machniak",
                    "role": "Lead",
                    "email": "alec@php.net"
                }
            ],
            "description": "Mail_Mime provides classes to create MIME messages",
            "homepage": "http://pear.php.net/package/Mail_Mime",
            "time": "2017-11-17T09:21:45+00:00"
        },
        {
            "name": "pear/pear-core-minimal",
            "version": "v1.10.9",
            "source": {
                "type": "git",
                "url": "https://github.com/pear/pear-core-minimal.git",
                "reference": "742be8dd68c746a01e4b0a422258e9c9cae1c37f"
            },
            "dist": {
                "type": "zip",
                "url": "https://api.github.com/repos/pear/pear-core-minimal/zipball/742be8dd68c746a01e4b0a422258e9c9cae1c37f",
                "reference": "742be8dd68c746a01e4b0a422258e9c9cae1c37f",
                "shasum": ""
            },
            "require": {
                "pear/console_getopt": "~1.4",
                "pear/pear_exception": "~1.0"
            },
            "replace": {
                "rsky/pear-core-min": "self.version"
            },
            "type": "library",
            "autoload": {
                "psr-0": {
                    "": "src/"
                }
            },
            "notification-url": "https://packagist.org/downloads/",
            "include-path": [
                "src/"
            ],
            "license": [
                "BSD-3-Clause"
            ],
            "authors": [
                {
                    "name": "Christian Weiske",
                    "role": "Lead",
                    "email": "cweiske@php.net"
                }
            ],
            "description": "Minimal set of PEAR core files to be used as composer dependency",
            "time": "2019-03-13T18:15:44+00:00"
        },
        {
            "name": "pear/pear_exception",
            "version": "dev-master",
            "source": {
                "type": "git",
                "url": "https://github.com/pear/PEAR_Exception.git",
                "reference": "8c18719fdae000b690e3912be401c76e406dd13b"
            },
            "dist": {
                "type": "zip",
                "url": "https://api.github.com/repos/pear/PEAR_Exception/zipball/8c18719fdae000b690e3912be401c76e406dd13b",
                "reference": "8c18719fdae000b690e3912be401c76e406dd13b",
                "shasum": ""
            },
            "require": {
                "php": ">=4.4.0"
            },
            "require-dev": {
                "phpunit/phpunit": "*"
            },
            "type": "class",
            "extra": {
                "branch-alias": {
                    "dev-master": "1.0.x-dev"
                }
            },
            "autoload": {
                "psr-0": {
                    "PEAR": ""
                }
            },
            "notification-url": "https://packagist.org/downloads/",
            "include-path": [
                "."
            ],
            "license": [
                "BSD-2-Clause"
            ],
            "authors": [
                {
                    "name": "Helgi Thormar",
                    "email": "dufuz@php.net"
                },
                {
                    "name": "Greg Beaver",
                    "email": "cellog@php.net"
                }
            ],
            "description": "The PEAR Exception base class.",
            "homepage": "https://github.com/pear/PEAR_Exception",
            "keywords": [
                "exception"
            ],
            "time": "2015-02-10T20:07:52+00:00"
        },
        {
            "name": "spoje.net/flexibee",
            "version": "dev-master",
            "source": {
                "type": "git",
                "url": "https://github.com/Spoje-NET/php-flexibee.git",
                "reference": "c01b689b04eaf77869799823d74fdfa28159b3a7"
            },
            "dist": {
                "type": "zip",
                "url": "https://api.github.com/repos/Spoje-NET/php-flexibee/zipball/c01b689b04eaf77869799823d74fdfa28159b3a7",
                "reference": "c01b689b04eaf77869799823d74fdfa28159b3a7",
                "shasum": ""
            },
            "require": {
                "ext-curl": "*",
                "vitexsoftware/ease-core": "dev-master"
            },
            "require-dev": {
                "phing/phing": "*",
                "phpunit/phpunit": "*"
            },
            "type": "library",
            "autoload": {
                "psr-4": {
                    "FlexiPeeHP\\": "src/FlexiPeeHP/"
                }
            },
            "notification-url": "https://packagist.org/downloads/",
            "license": [
                "GPL-2.0"
            ],
            "authors": [
                {
                    "name": "Vítězslav Dvořák",
                    "email": "vitex@arachne.cz"
                }
            ],
            "description": "PHP Based Library for easy interaction with czech accounting system FlexiBee.",
            "time": "2019-09-04T15:51:24+00:00"
        },
        {
            "name": "vitexsoftware/ease-core",
            "version": "dev-master",
            "source": {
                "type": "git",
                "url": "https://github.com/VitexSoftware/ease-core.git",
                "reference": "3277c0dc653b80eeeda9e952178ff7c5e89ffb5c"
            },
            "dist": {
                "type": "zip",
                "url": "https://api.github.com/repos/VitexSoftware/ease-core/zipball/3277c0dc653b80eeeda9e952178ff7c5e89ffb5c",
                "reference": "3277c0dc653b80eeeda9e952178ff7c5e89ffb5c",
                "shasum": ""
            },
            "require": {
                "ext-pdo": "*",
                "pear/mail": "~1.3",
                "pear/mail_mime": "~1.10",
                "php": ">=7"
            },
            "conflict": {
                "vitexsoftware/ease-framework": "*"
            },
            "require-dev": {
                "jakub-onderka/php-console-highlighter": "*",
                "jakub-onderka/php-parallel-lint": "*",
                "php-coveralls/php-coveralls": "*",
                "phpunit/phpunit": "*"
            },
            "type": "library",
            "autoload": {
                "psr-4": {
                    "Ease\\": "src/Ease/",
                    "Ease\\Logger\\": "src/Ease/Logger/"
                }
            },
            "notification-url": "https://packagist.org/downloads/",
            "license": [
                "GPL-2.0-or-later"
            ],
            "authors": [
                {
                    "name": "Vítězslav Dvořák",
                    "email": "info@vitexsoftware.cz",
                    "homepage": "http://v.s.cz/"
                }
            ],
            "description": "An PHP Framework for writing Applications",
            "homepage": "http://v.s.cz/ease.php",
            "time": "2019-09-03T00:21:11+00:00"
        },
        {
            "name": "vitexsoftware/ease-fluentpdo",
            "version": "dev-master",
            "source": {
                "type": "git",
                "url": "https://github.com/VitexSoftware/php-ease-fluentpdo.git",
                "reference": "c8eb9e58c98ba2a02a82b8e352087f415509a8aa"
            },
            "dist": {
                "type": "zip",
                "url": "https://api.github.com/repos/VitexSoftware/php-ease-fluentpdo/zipball/c8eb9e58c98ba2a02a82b8e352087f415509a8aa",
                "reference": "c8eb9e58c98ba2a02a82b8e352087f415509a8aa",
                "shasum": ""
            },
            "require": {
                "fpdo/fluentpdo": "dev-master",
                "vitexsoftware/ease-core": "dev-master"
            },
            "conflict": {
                "vitexsoftware/ease-framework": "*"
            },
            "type": "library",
            "autoload": {
                "psr-4": {
                    "Ease\\SQL\\": "src/Ease/SQL"
                }
            },
            "notification-url": "https://packagist.org/downloads/",
            "authors": [
                {
                    "name": "Vitex",
                    "email": "info@vitexsoftware.cz"
                }
            ],
            "description": "Description of project ease-fluentpdo.",
            "time": "2019-08-25T18:31:45+00:00"
        },
        {
            "name": "vitexsoftware/ease-html",
            "version": "dev-master",
            "source": {
                "type": "git",
                "url": "https://github.com/VitexSoftware/ease-html.git",
                "reference": "9eb0346fde1227f5b174656a95a65e3f428067bd"
            },
            "dist": {
                "type": "zip",
                "url": "https://api.github.com/repos/VitexSoftware/ease-html/zipball/9eb0346fde1227f5b174656a95a65e3f428067bd",
                "reference": "9eb0346fde1227f5b174656a95a65e3f428067bd",
                "shasum": ""
            },
            "require": {
                "vitexsoftware/ease-core": "dev-master"
            },
            "require-dev": {
                "phpunit/phpunit": "*"
            },
            "type": "library",
            "autoload": {
                "psr-4": {
                    "Ease\\": "src/Ease/",
                    "Ease\\Html\\": "src/Ease/Html/"
                }
            },
            "notification-url": "https://packagist.org/downloads/",
            "license": [
                "MIT"
            ],
            "authors": [
                {
                    "name": "Vítězslav Vitex Dvořák",
                    "email": "info@vitexsoftware.cz"
                }
            ],
            "description": "Set of HTML rendering objects",
            "time": "2019-08-27T13:15:33+00:00"
        },
        {
            "name": "vitexsoftware/ease-twbootstrap4",
            "version": "dev-master",
            "source": {
                "type": "git",
                "url": "https://github.com/VitexSoftware/ease-twbootstrap4.git",
                "reference": "a41260273613708caf41acdcadf7cf9b976f5415"
            },
            "dist": {
                "type": "zip",
                "url": "https://api.github.com/repos/VitexSoftware/ease-twbootstrap4/zipball/a41260273613708caf41acdcadf7cf9b976f5415",
                "reference": "a41260273613708caf41acdcadf7cf9b976f5415",
                "shasum": ""
            },
            "require": {
                "vitexsoftware/ease-html": "dev-master"
            },
            "require-dev": {
                "phpunit/phpunit": "^8"
            },
            "type": "library",
            "autoload": {
                "psr-4": {
                    "Ease\\TWB4\\": "src/Ease/TWB4/"
                }
            },
            "notification-url": "https://packagist.org/downloads/",
            "license": [
                "MIT"
            ],
            "authors": [
                {
                    "name": "Vítězslav Vitex Dvořák",
                    "email": "info@vitexsoftware.cz"
                }
            ],
            "description": "Set of Twitter Bootstrap 4 rendering objects",
            "time": "2019-08-27T16:38:47+00:00"
        },
        {
            "name": "vitexsoftware/ease-twbootstrap4-widgets",
            "version": "dev-master",
            "source": {
                "type": "git",
                "url": "https://github.com/Vitexus/php-ease-twbootstrap4-widgets.git",
                "reference": "be9b243207aa5e41ae44c39c76df129e50ee61dc"
            },
            "dist": {
                "type": "zip",
                "url": "https://api.github.com/repos/Vitexus/php-ease-twbootstrap4-widgets/zipball/be9b243207aa5e41ae44c39c76df129e50ee61dc",
                "reference": "be9b243207aa5e41ae44c39c76df129e50ee61dc",
                "shasum": ""
            },
            "require": {
                "vitexsoftware/ease-twbootstrap4": "dev-master"
            },
            "require-dev": {
                "phpunit/phpunit": "^8"
            },
            "type": "library",
            "autoload": {
                "psr-4": {
                    "Ease\\TWB4\\Widgets\\": "src/Ease/TWB4/Widgets"
                }
            },
            "notification-url": "https://packagist.org/downloads/",
            "license": [
                "MIT"
            ],
            "authors": [
                {
                    "name": "Vítězslav Dvořák",
                    "email": "info@vitexsoftware.cz",
                    "homepage": "http://v.s.cz/"
                }
            ],
            "description": "EasePHP framework addons and code snipplets",
            "homepage": "http://v.s.cz/ease.php",
            "time": "2019-08-18T21:59:35+00:00"
        }
    ],
    "packages-dev": [],
    "aliases": [],
    "minimum-stability": "dev",
    "stability-flags": {
        "vitexsoftware/ease-core": 20,
        "vitexsoftware/ease-twbootstrap4-widgets": 20,
        "vitexsoftware/ease-fluentpdo": 20
    },
    "prefer-stable": false,
    "prefer-lowest": false,
    "platform": {
        "php": ">= 7.1"
    },
    "platform-dev": []
}
