{
    "_readme": [
        "This file locks the dependencies of your project to a known state",
        "Read more about it at https://getcomposer.org/doc/01-basic-usage.md#composer-lock-the-lock-file",
        "This file is @generated automatically"
    ],
    "content-hash": "da3285e7d0304d639baf049a61c32d64",
    "packages": [
        {
            "name": "ease-framework",
            "version": "1.3.0.6",
            "dist": {
                "type": "path",
                "url": "/usr/share/php/Ease",
                "reference": "fddddd10f4d9b0168d47e9eb67484808aa488c51",
                "shasum": null
            },
            "require": {
                "ext-curl": "*",
                "ext-pdo": "*",
                "php": ">=5.6.0"
            },
            "type": "library",
            "autoload": {
                "psr-0": {
                    "Mail": "/usr/share/php/Mail/"
                },
                "psr-4": {
                    "Ease\\": ".",
                    "Ease\\Html\\": "Html",
                    "Ease\\Logger\\": "Logger",
                    "Ease\\JQuery\\": "JQuery",
                    "Ease\\SQL\\": "SQL",
                    "Ease\\TWB\\": "TWB",
                    "Ease\\TWB4\\": "TWB4"
                }
            },
            "license": [
                "GPL-2.0+"
            ],
            "authors": [
                {
                    "name": "Vítězslav Dvořák",
                    "email": "info@vitexsoftware.cz",
                    "homepage": "http://v.s.cz/"
                }
            ],
            "description": "An PHP Framework for Ease of writing Applications (debianized)",
            "homepage": "http://v.s.cz/ease.php",
            "transport-options": {
                "symlink": true
            }
        },
        {
            "name": "flexipeehp",
            "version": "1.8.3.2",
            "dist": {
                "type": "path",
                "url": "/usr/share/php/FlexiPeeHP",
                "reference": "ce3b1d079060fff2d5f12d4906ad038c34b82625",
                "shasum": null
            },
            "require": {
                "ext-curl": "*",
                "php": ">=5.6.0"
            },
            "type": "library",
            "autoload": {
                "psr-4": {
                    "FlexiPeeHP\\": "."
                }
            },
            "license": [
                "GPL-2.0+"
            ],
            "authors": [
                {
                    "name": "Vítězslav Dvořák",
                    "email": "vitex@arachne.cz"
                }
            ],
            "description": "PHP Based Library for easy interaction with czech accounting system Flexibee.",
            "homepage": "https://github.com/Spoje-NET/FlexiPeeHP",
            "transport-options": {
                "symlink": true
            }
        }
    ],
    "packages-dev": [],
    "aliases": [],
    "minimum-stability": "dev",
    "stability-flags": [],
    "prefer-stable": false,
    "prefer-lowest": false,
    "platform": {
        "php": ">= 5.5.9"
    },
    "platform-dev": []
}
